
Microsoft Visual Studio Solution File, Format Version 12.00
# Visual Studio Version 17
VisualStudioVersion = 17.0.32112.339
MinimumVisualStudioVersion = 10.0.40219.1
Project("{9A19103F-16F7-4668-BE54-9A1E7A4F7556}") = "CSharpAssingments", "CSharpAssingments\CSharpAssingments.csproj", "{D454CAA9-8176-4E73-A7A1-93FB1D449584}"
EndProject
Project("{9A19103F-16F7-4668-BE54-9A1E7A4F7556}") = "MoveButtonAssingment", "MoveButtonAssingment\MoveButtonAssingment.csproj", "{58C642D2-C269-4B23-B5C9-FB3BEE9E6641}"
EndProject
Project("{9A19103F-16F7-4668-BE54-9A1E7A4F7556}") = "MemoryManagementAssingment", "MemoryManagementAssingment\MemoryManagementAssingment.csproj", "{0834E5FB-49C8-4E5C-93D5-057A03E68AF7}"
EndProject
Project("{54435603-DBB4-11D2-8724-00A0C9A8B90C}") = "Setup", "Setup\Setup.vdproj", "{F0F4FA3A-9127-4546-AE16-2FFABD809B82}"
EndProject
Project("{FAE04EC0-301F-11D3-BF4B-00C04F79EFBC}") = "WinFormsApp", "WinFormsApp\WinFormsApp.csproj", "{A39E2FF6-0219-4B7C-81CE-0AFD817F386A}"
EndProject
Project("{FAE04EC0-301F-11D3-BF4B-00C04F79EFBC}") = "ClculatorLibary", "ClculatorLibary\ClculatorLibary.csproj", "{E5BD9C76-AEFE-4A30-9842-09C8F9DCDBCD}"
EndProject
Project("{FAE04EC0-301F-11D3-BF4B-00C04F79EFBC}") = "CalculatorConsole", "CalculatorConsole\CalculatorConsole.csproj", "{9D4E3228-A941-4C28-AE89-E56630102788}"
EndProject
Project("{FAE04EC0-301F-11D3-BF4B-00C04F79EFBC}") = "SharedClassLibrary", "SharedClassLibrary\SharedClassLibrary.csproj", "{A2C09F08-40B6-4D74-8192-318E032B93FA}"
EndProject
Project("{FAE04EC0-301F-11D3-BF4B-00C04F79EFBC}") = "ConsumeSharedAssembly", "ConsumeSharedAssembly\ConsumeSharedAssembly.csproj", "{EB058C18-346F-4558-90E8-AD126625322C}"
EndProject
Global
	GlobalSection(SolutionConfigurationPlatforms) = preSolution
		Debug|Any CPU = Debug|Any CPU
		Release|Any CPU = Release|Any CPU
	EndGlobalSection
	GlobalSection(ProjectConfigurationPlatforms) = postSolution
		{D454CAA9-8176-4E73-A7A1-93FB1D449584}.Debug|Any CPU.ActiveCfg = Debug|Any CPU
		{D454CAA9-8176-4E73-A7A1-93FB1D449584}.Debug|Any CPU.Build.0 = Debug|Any CPU
		{D454CAA9-8176-4E73-A7A1-93FB1D449584}.Release|Any CPU.ActiveCfg = Release|Any CPU
		{D454CAA9-8176-4E73-A7A1-93FB1D449584}.Release|Any CPU.Build.0 = Release|Any CPU
		{58C642D2-C269-4B23-B5C9-FB3BEE9E6641}.Debug|Any CPU.ActiveCfg = Debug|Any CPU
		{58C642D2-C269-4B23-B5C9-FB3BEE9E6641}.Debug|Any CPU.Build.0 = Debug|Any CPU
		{58C642D2-C269-4B23-B5C9-FB3BEE9E6641}.Release|Any CPU.ActiveCfg = Release|Any CPU
		{58C642D2-C269-4B23-B5C9-FB3BEE9E6641}.Release|Any CPU.Build.0 = Release|Any CPU
		{0834E5FB-49C8-4E5C-93D5-057A03E68AF7}.Debug|Any CPU.ActiveCfg = Debug|Any CPU
		{0834E5FB-49C8-4E5C-93D5-057A03E68AF7}.Debug|Any CPU.Build.0 = Debug|Any CPU
		{0834E5FB-49C8-4E5C-93D5-057A03E68AF7}.Release|Any CPU.ActiveCfg = Release|Any CPU
		{0834E5FB-49C8-4E5C-93D5-057A03E68AF7}.Release|Any CPU.Build.0 = Release|Any CPU
		{F0F4FA3A-9127-4546-AE16-2FFABD809B82}.Debug|Any CPU.ActiveCfg = Debug
		{F0F4FA3A-9127-4546-AE16-2FFABD809B82}.Release|Any CPU.ActiveCfg = Release
		{A39E2FF6-0219-4B7C-81CE-0AFD817F386A}.Debug|Any CPU.ActiveCfg = Debug|Any CPU
		{A39E2FF6-0219-4B7C-81CE-0AFD817F386A}.Debug|Any CPU.Build.0 = Debug|Any CPU
		{A39E2FF6-0219-4B7C-81CE-0AFD817F386A}.Release|Any CPU.ActiveCfg = Release|Any CPU
		{A39E2FF6-0219-4B7C-81CE-0AFD817F386A}.Release|Any CPU.Build.0 = Release|Any CPU
		{E5BD9C76-AEFE-4A30-9842-09C8F9DCDBCD}.Debug|Any CPU.ActiveCfg = Debug|Any CPU
		{E5BD9C76-AEFE-4A30-9842-09C8F9DCDBCD}.Debug|Any CPU.Build.0 = Debug|Any CPU
		{E5BD9C76-AEFE-4A30-9842-09C8F9DCDBCD}.Release|Any CPU.ActiveCfg = Release|Any CPU
		{E5BD9C76-AEFE-4A30-9842-09C8F9DCDBCD}.Release|Any CPU.Build.0 = Release|Any CPU
		{9D4E3228-A941-4C28-AE89-E56630102788}.Debug|Any CPU.ActiveCfg = Debug|Any CPU
		{9D4E3228-A941-4C28-AE89-E56630102788}.Debug|Any CPU.Build.0 = Debug|Any CPU
		{9D4E3228-A941-4C28-AE89-E56630102788}.Release|Any CPU.ActiveCfg = Release|Any CPU
		{9D4E3228-A941-4C28-AE89-E56630102788}.Release|Any CPU.Build.0 = Release|Any CPU
		{A2C09F08-40B6-4D74-8192-318E032B93FA}.Debug|Any CPU.ActiveCfg = Debug|Any CPU
		{A2C09F08-40B6-4D74-8192-318E032B93FA}.Debug|Any CPU.Build.0 = Debug|Any CPU
		{A2C09F08-40B6-4D74-8192-318E032B93FA}.Release|Any CPU.ActiveCfg = Release|Any CPU
		{A2C09F08-40B6-4D74-8192-318E032B93FA}.Release|Any CPU.Build.0 = Release|Any CPU
		{EB058C18-346F-4558-90E8-AD126625322C}.Debug|Any CPU.ActiveCfg = Debug|Any CPU
		{EB058C18-346F-4558-90E8-AD126625322C}.Debug|Any CPU.Build.0 = Debug|Any CPU
		{EB058C18-346F-4558-90E8-AD126625322C}.Release|Any CPU.ActiveCfg = Release|Any CPU
		{EB058C18-346F-4558-90E8-AD126625322C}.Release|Any CPU.Build.0 = Release|Any CPU
	EndGlobalSection
	GlobalSection(SolutionProperties) = preSolution
		HideSolutionNode = FALSE
	EndGlobalSection
	GlobalSection(ExtensibilityGlobals) = postSolution
		SolutionGuid = {775123F7-E8C9-4D65-9A2E-187D19CCCF46}
	EndGlobalSection
EndGlobal
