
Microsoft Visual Studio Solution File, Format Version 12.00
# Visual Studio Version 16
VisualStudioVersion = 16.0.31321.278
MinimumVisualStudioVersion = 10.0.40219.1
Project("{9A19103F-16F7-4668-BE54-9A1E7A4F7556}") = "CSharpAssingments", "CSharpAssingments\CSharpAssingments.csproj", "{D454CAA9-8176-4E73-A7A1-93FB1D449584}"
EndProject
Project("{9A19103F-16F7-4668-BE54-9A1E7A4F7556}") = "MoveButtonAssingment", "MoveButtonAssingment\MoveButtonAssingment.csproj", "{58C642D2-C269-4B23-B5C9-FB3BEE9E6641}"
EndProject
Project("{FAE04EC0-301F-11D3-BF4B-00C04F79EFBC}") = "MemoryManagementAssingment", "MemoryManagementAssingment\MemoryManagementAssingment.csproj", "{0834E5FB-49C8-4E5C-93D5-057A03E68AF7}"
EndProject
Global
	GlobalSection(SolutionConfigurationPlatforms) = preSolution
		Debug|Any CPU = Debug|Any CPU
		Release|Any CPU = Release|Any CPU
	EndGlobalSection
	GlobalSection(ProjectConfigurationPlatforms) = postSolution
		{D454CAA9-8176-4E73-A7A1-93FB1D449584}.Debug|Any CPU.ActiveCfg = Debug|Any CPU
		{D454CAA9-8176-4E73-A7A1-93FB1D449584}.Debug|Any CPU.Build.0 = Debug|Any CPU
		{D454CAA9-8176-4E73-A7A1-93FB1D449584}.Release|Any CPU.ActiveCfg = Release|Any CPU
		{D454CAA9-8176-4E73-A7A1-93FB1D449584}.Release|Any CPU.Build.0 = Release|Any CPU
		{58C642D2-C269-4B23-B5C9-FB3BEE9E6641}.Debug|Any CPU.ActiveCfg = Debug|Any CPU
		{58C642D2-C269-4B23-B5C9-FB3BEE9E6641}.Debug|Any CPU.Build.0 = Debug|Any CPU
		{58C642D2-C269-4B23-B5C9-FB3BEE9E6641}.Release|Any CPU.ActiveCfg = Release|Any CPU
		{58C642D2-C269-4B23-B5C9-FB3BEE9E6641}.Release|Any CPU.Build.0 = Release|Any CPU
		{0834E5FB-49C8-4E5C-93D5-057A03E68AF7}.Debug|Any CPU.ActiveCfg = Debug|Any CPU
		{0834E5FB-49C8-4E5C-93D5-057A03E68AF7}.Debug|Any CPU.Build.0 = Debug|Any CPU
		{0834E5FB-49C8-4E5C-93D5-057A03E68AF7}.Release|Any CPU.ActiveCfg = Release|Any CPU
		{0834E5FB-49C8-4E5C-93D5-057A03E68AF7}.Release|Any CPU.Build.0 = Release|Any CPU
	EndGlobalSection
	GlobalSection(SolutionProperties) = preSolution
		HideSolutionNode = FALSE
	EndGlobalSection
	GlobalSection(ExtensibilityGlobals) = postSolution
		SolutionGuid = {775123F7-E8C9-4D65-9A2E-187D19CCCF46}
	EndGlobalSection
EndGlobal
